<?xml version="1.0" encoding="utf-8"?>
<Project ToolsVersion="4.0" xmlns="http://schemas.microsoft.com/developer/msbuild/2003">
  <ItemGroup>
    <Filter Include="Source Files">
      <UniqueIdentifier>{4FC737F1-C7A5-4376-A066-2A32D752A2FF}</UniqueIdentifier>
      <Extensions>cpp;c;cc;cxx;c++;def;odl;idl;hpj;bat;asm;asmx</Extensions>
    </Filter>
    <Filter Include="Header Files">
      <UniqueIdentifier>{93995380-89BD-4b04-88EB-625FBE52EBFB}</UniqueIdentifier>
      <Extensions>h;hh;hpp;hxx;h++;hm;inl;inc;ipp;xsd</Extensions>
    </Filter>
    <Filter Include="Resource Files">
      <UniqueIdentifier>{67DA6AB6-F800-4c08-8B7A-83BB121AAD01}</UniqueIdentifier>
      <Extensions>rc;ico;cur;bmp;dlg;rc2;rct;bin;rgs;gif;jpg;jpeg;jpe;resx;tiff;tif;png;wav;mfcribbon-ms</Extensions>
    </Filter>
  </ItemGroup>
  <ItemGroup>
    <ClInclude Include="platform\platform.hpp">
      <Filter>Header Files</Filter>
    </ClInclude>
    <ClInclude Include="engine\engine.hpp">
      <Filter>Header Files</Filter>
    </ClInclude>
    <ClInclude Include="core.hpp">
      <Filter>Header Files</Filter>
    </ClInclude>
    <ClInclude Include="engine\module.hpp">
      <Filter>Header Files</Filter>
    </ClInclude>
    <ClInclude Include="types\primitives.hpp">
      <Filter>Header Files</Filter>
    </ClInclude>
    <ClInclude Include="types\sfinae.hpp">
      <Filter>Header Files</Filter>
    </ClInclude>
    <ClInclude Include="entry\entry_point.hpp">
      <Filter>Header Files</Filter>
    </ClInclude>
    <ClInclude Include="filesystem\filemanip.hpp">
      <Filter>Header Files</Filter>
    </ClInclude>
    <ClInclude Include="filesystem\filesystem.hpp">
      <Filter>Header Files</Filter>
    </ClInclude>
    <ClInclude Include="types\types.hpp">
      <Filter>Header Files</Filter>
    </ClInclude>
    <ClInclude Include="common\common.hpp">
      <Filter>Header Files</Filter>
    </ClInclude>
    <ClInclude Include="filesystem\resource.hpp">
      <Filter>Header Files</Filter>
    </ClInclude>
    <ClInclude Include="filesystem\detail\resource_sfinae.hpp">
      <Filter>Header Files</Filter>
    </ClInclude>
    <ClInclude Include="types\meta.hpp">
      <Filter>Header Files</Filter>
    </ClInclude>
    <ClInclude Include="filesystem\detail\resource_meta.hpp">
      <Filter>Header Files</Filter>
    </ClInclude>
    <ClInclude Include="containers\sparse_map.hpp">
      <Filter>Header Files</Filter>
    </ClInclude>
    <ClInclude Include="containers\containers.hpp">
      <Filter>Header Files</Filter>
    </ClInclude>
    <ClInclude Include="containers\sparse_set.hpp">
      <Filter>Header Files</Filter>
    </ClInclude>
    <ClInclude Include="ecs\component_handle.hpp">
      <Filter>Header Files</Filter>
    </ClInclude>
    <ClInclude Include="ecs\rw_component_buffer.hpp">
      <Filter>Header Files</Filter>
    </ClInclude>
    <ClInclude Include="ecs\ecsregistry.hpp">
      <Filter>Header Files</Filter>
    </ClInclude>
    <ClInclude Include="ecs\ecs.hpp">
      <Filter>Header Files</Filter>
    </ClInclude>
    <ClInclude Include="ecs\entity.hpp">
      <Filter>Header Files</Filter>
    </ClInclude>
    <ClInclude Include="types\type_util.hpp">
      <Filter>Header Files</Filter>
    </ClInclude>
    <ClInclude Include="ecs\component_container.hpp">
      <Filter>Header Files</Filter>
    </ClInclude>
    <ClInclude Include="async\readonly_rw_spinlock.hpp">
      <Filter>Header Files</Filter>
    </ClInclude>
  </ItemGroup>
  <ItemGroup>
    <ClCompile Include="engine\engine.cpp">
      <Filter>Source Files</Filter>
    </ClCompile>
    <ClCompile Include="engine\module.cpp">
      <Filter>Source Files</Filter>
    </ClCompile>
    <ClCompile Include="async\readonly_rw_spinlock.cpp">
      <Filter>Source Files</Filter>
    </ClCompile>
  </ItemGroup>
  <ItemGroup>
    <None Include="platform\cpp.hint" />
  </ItemGroup>
</Project>