<?xml version="1.0" encoding="utf-8"?>
<Project ToolsVersion="4.0" xmlns="http://schemas.microsoft.com/developer/msbuild/2003">
  <ItemGroup>
    <ClCompile Include="ecs\ecsregistry.cpp" />
    <ClCompile Include="engine\engine.cpp" />
    <ClCompile Include="engine\module.cpp" />
    <ClCompile Include="filesystem\detail\strpath_manip.cpp" />
    <ClCompile Include="filesystem\filesystem_resolver.cpp" />
    <ClCompile Include="filesystem\mem_filesystem_resolver.cpp" />
    <ClCompile Include="filesystem\artifact_cache.cpp" />
    <ClCompile Include="filesystem\navigator.cpp" />
    <ClCompile Include="ecs\entity_handle.cpp" />
    <ClCompile Include="ecs\entityquery.cpp" />
    <ClCompile Include="ecs\queryregistry.cpp" />
    <ClCompile Include="types\type_util.cpp" />
    <ClCompile Include="filesystem\provider_registry.cpp" />
    <ClCompile Include="filesystem\view.cpp" />
  </ItemGroup>
  <ItemGroup>
    <ClInclude Include="async\async.hpp" />
    <ClInclude Include="async\readonly_rw_spinlock.hpp" />
    <ClInclude Include="async\transferable_atomic.hpp" />
    <ClInclude Include="common\common.hpp" />
    <ClInclude Include="common\inteface_traits.hpp" />
    <ClInclude Include="common\result.hpp" />
    <ClInclude Include="common\string_extra.hpp" />
    <ClInclude Include="common\exception.hpp" />
    <ClInclude Include="containers\atomic_sparse_map.hpp" />
    <ClInclude Include="containers\containers.hpp" />
    <ClInclude Include="containers\data_view.hpp" />
    <ClInclude Include="containers\iterator_tricks.hpp" />
    <ClInclude Include="containers\hashed_sparse_set.hpp" />
    <ClInclude Include="containers\sparse_map.hpp" />
    <ClInclude Include="containers\sparse_set.hpp" />
    <ClInclude Include="containers\vector_view.hpp" />
    <ClInclude Include="core.hpp" />
    <ClInclude Include="ecs\component_container.hpp" />
    <ClInclude Include="ecs\component_handle.hpp" />
    <ClInclude Include="ecs\ecs.hpp" />
    <ClInclude Include="ecs\ecsregistry.hpp" />
    <ClInclude Include="ecs\entity_handle.hpp" />
    <ClInclude Include="ecs\entityquery.hpp" />
    <ClInclude Include="ecs\queryregistry.hpp" />
    <ClInclude Include="ecs\rw_component_buffer.hpp" />
    <ClInclude Include="engine\engine.hpp" />
    <ClInclude Include="engine\module.hpp" />
    <ClInclude Include="entry\entry_point.hpp" />
    <ClInclude Include="filesystem\artifact_cache.hpp" />
    <ClInclude Include="filesystem\detail\resource_meta.hpp" />
    <ClInclude Include="filesystem\detail\resource_sfinae.hpp" />
    <ClInclude Include="filesystem\detail\strpath_manip.hpp" />
    <ClInclude Include="filesystem\detail\traits.hpp" />
    <ClInclude Include="filesystem\filemanip.hpp" />
    <ClInclude Include="filesystem\filesystem.hpp" />
    <ClInclude Include="filesystem\filesystem_resolver.hpp" />
    <ClInclude Include="filesystem\navigator.hpp" />
    <ClInclude Include="filesystem\mem_filesystem_resolver.hpp" />
    <ClInclude Include="filesystem\resource.hpp" />
    <ClInclude Include="platform\platform.hpp" />
    <ClInclude Include="time\clock.hpp" />
    <ClInclude Include="time\time.hpp" />
    <ClInclude Include="time\time_span.hpp" />
    <ClInclude Include="types\meta.hpp" />
    <ClInclude Include="types\types.hpp" />
    <ClInclude Include="types\primitives.hpp" />
    <ClInclude Include="types\sfinae.hpp" />
    <ClInclude Include="types\type_util.hpp" />
    <ClInclude Include="filesystem\provider_registry.hpp" />
    <ClInclude Include="filesystem\detail\meta.hpp" />
    <ClInclude Include="filesystem\view.hpp" />
    <ClInclude Include="detail\internals.hpp" />
  </ItemGroup>
  <ItemGroup>
    <ClCompile Include="engine\engine.cpp">
      <Filter>Source Files</Filter>
    </ClCompile>
    <ClCompile Include="engine\module.cpp">
      <Filter>Source Files</Filter>
    </ClCompile>
    <ClCompile Include="ecs\ecsregistry.cpp">
      <Filter>Source Files</Filter>
    </ClCompile>
  </ItemGroup>
  <ItemGroup>
    <None Include="platform\cpp.hint" />
  </ItemGroup>
</Project>