
Microsoft Visual Studio Solution File, Format Version 12.00
# Visual Studio Version 16
VisualStudioVersion = 16.0.30225.117
MinimumVisualStudioVersion = 10.0.40219.1
Project("{8BC9CEB8-8B4A-11D0-8D11-00A0C91BC942}") = "core", "legion\engine\core\core.vcxproj", "{63D0D607-E99E-40B0-9B27-6E2430B57F7E}"
EndProject
Project("{8BC9CEB8-8B4A-11D0-8D11-00A0C91BC942}") = "application", "legion\engine\application\application.vcxproj", "{AB3D3A2D-6510-4345-9D34-0222E46110E6}"
	ProjectSection(ProjectDependencies) = postProject
		{63D0D607-E99E-40B0-9B27-6E2430B57F7E} = {63D0D607-E99E-40B0-9B27-6E2430B57F7E}
	EndProjectSection
EndProject
Project("{8BC9CEB8-8B4A-11D0-8D11-00A0C91BC942}") = "scripting", "legion\engine\scripting\scripting.vcxproj", "{3A68DF04-0E1F-462C-A171-3713F0253C41}"
	ProjectSection(ProjectDependencies) = postProject
		{63D0D607-E99E-40B0-9B27-6E2430B57F7E} = {63D0D607-E99E-40B0-9B27-6E2430B57F7E}
	EndProjectSection
EndProject
Project("{8BC9CEB8-8B4A-11D0-8D11-00A0C91BC942}") = "rendering", "legion\engine\rendering\rendering.vcxproj", "{FC6211BB-9E48-496A-8A77-5FF83CAF046D}"
	ProjectSection(ProjectDependencies) = postProject
		{63D0D607-E99E-40B0-9B27-6E2430B57F7E} = {63D0D607-E99E-40B0-9B27-6E2430B57F7E}
		{AB3D3A2D-6510-4345-9D34-0222E46110E6} = {AB3D3A2D-6510-4345-9D34-0222E46110E6}
	EndProjectSection
EndProject
Project("{8BC9CEB8-8B4A-11D0-8D11-00A0C91BC942}") = "audio", "legion\engine\audio\audio.vcxproj", "{749C658F-0217-4A86-A205-FD8A35C121B8}"
	ProjectSection(ProjectDependencies) = postProject
		{63D0D607-E99E-40B0-9B27-6E2430B57F7E} = {63D0D607-E99E-40B0-9B27-6E2430B57F7E}
	EndProjectSection
EndProject
Project("{8BC9CEB8-8B4A-11D0-8D11-00A0C91BC942}") = "networking", "legion\engine\networking\networking.vcxproj", "{B9735E41-A917-4BFF-85F2-2E3BEEB6E0E9}"
	ProjectSection(ProjectDependencies) = postProject
		{63D0D607-E99E-40B0-9B27-6E2430B57F7E} = {63D0D607-E99E-40B0-9B27-6E2430B57F7E}
	EndProjectSection
EndProject
Project("{8BC9CEB8-8B4A-11D0-8D11-00A0C91BC942}") = "physics", "legion\engine\physics\physics.vcxproj", "{07B99C45-60D0-4605-9A33-4BFEE86D588A}"
	ProjectSection(ProjectDependencies) = postProject
		{63D0D607-E99E-40B0-9B27-6E2430B57F7E} = {63D0D607-E99E-40B0-9B27-6E2430B57F7E}
	EndProjectSection
EndProject
Project("{2150E333-8FDC-42A3-9474-1A3956D46DE8}") = "engine", "engine", "{F1668831-DACE-436F-BAD6-BA23AFC863CE}"
EndProject
Project("{2150E333-8FDC-42A3-9474-1A3956D46DE8}") = "applications", "applications", "{5ADCB9E3-B58C-47D0-A475-E515B05E6103}"
EndProject
Project("{2150E333-8FDC-42A3-9474-1A3956D46DE8}") = "Solution Items", "Solution Items", "{71C8D3DB-EE84-4856-ACBA-B3210A62F409}"
	ProjectSection(SolutionItems) = preProject
		.editorconfig = .editorconfig
	EndProjectSection
EndProject
Project("{8BC9CEB8-8B4A-11D0-8D11-00A0C91BC942}") = "sandbox", "applications\sandbox\sandbox.vcxproj", "{C578D912-3BEB-4EE1-8AA1-E9EACF7CA441}"
	ProjectSection(ProjectDependencies) = postProject
		{63D0D607-E99E-40B0-9B27-6E2430B57F7E} = {63D0D607-E99E-40B0-9B27-6E2430B57F7E}
		{AB3D3A2D-6510-4345-9D34-0222E46110E6} = {AB3D3A2D-6510-4345-9D34-0222E46110E6}
		{749C658F-0217-4A86-A205-FD8A35C121B8} = {749C658F-0217-4A86-A205-FD8A35C121B8}
		{FC6211BB-9E48-496A-8A77-5FF83CAF046D} = {FC6211BB-9E48-496A-8A77-5FF83CAF046D}
	EndProjectSection
EndProject
Project("{8BC9CEB8-8B4A-11D0-8D11-00A0C91BC942}") = "unit_tests", "applications\unit_tests\unit_tests.vcxproj", "{A946EE4C-D731-4F82-AEB9-A4BA3B99F941}"
	ProjectSection(ProjectDependencies) = postProject
		{63D0D607-E99E-40B0-9B27-6E2430B57F7E} = {63D0D607-E99E-40B0-9B27-6E2430B57F7E}
	EndProjectSection
EndProject
Project("{2150E333-8FDC-42A3-9474-1A3956D46DE8}") = "editor", "editor", "{6735340E-5542-4CC8-84E0-20D740BBBD9B}"
EndProject
Project("{8BC9CEB8-8B4A-11D0-8D11-00A0C91BC942}") = "editor", "applications\editor\editor.vcxproj", "{2C205A18-0CEC-4423-AACA-E0D613601D21}"
	ProjectSection(ProjectDependencies) = postProject
		{B53DE60D-A468-4D68-AFA1-3BD7A7A6D2C5} = {B53DE60D-A468-4D68-AFA1-3BD7A7A6D2C5}
		{A0650313-D41E-456C-92AC-DBF2206D8F57} = {A0650313-D41E-456C-92AC-DBF2206D8F57}
		{6EE89F6E-097E-4EA5-BA90-A07666A7E82F} = {6EE89F6E-097E-4EA5-BA90-A07666A7E82F}
		{88B43DA3-9889-477D-86CE-97CDEF3433B2} = {88B43DA3-9889-477D-86CE-97CDEF3433B2}
		{4377FCBF-937E-44CD-A626-7EC8EC2EAA20} = {4377FCBF-937E-44CD-A626-7EC8EC2EAA20}
		{A11640E3-0EFA-4926-A96F-FDCAF83129BA} = {A11640E3-0EFA-4926-A96F-FDCAF83129BA}
		{91B7D0E7-E85C-40E1-9705-72803F68CD23} = {91B7D0E7-E85C-40E1-9705-72803F68CD23}
	EndProjectSection
EndProject
Project("{8BC9CEB8-8B4A-11D0-8D11-00A0C91BC942}") = "editor-core", "legion\editor\editor-core\editor-core.vcxproj", "{B53DE60D-A468-4D68-AFA1-3BD7A7A6D2C5}"
	ProjectSection(ProjectDependencies) = postProject
		{63D0D607-E99E-40B0-9B27-6E2430B57F7E} = {63D0D607-E99E-40B0-9B27-6E2430B57F7E}
	EndProjectSection
EndProject
Project("{8BC9CEB8-8B4A-11D0-8D11-00A0C91BC942}") = "editor-application", "legion\editor\editor-application\editor-application.vcxproj", "{A0650313-D41E-456C-92AC-DBF2206D8F57}"
EndProject
Project("{8BC9CEB8-8B4A-11D0-8D11-00A0C91BC942}") = "editor-audio", "legion\editor\editor-audio\editor-audio.vcxproj", "{6EE89F6E-097E-4EA5-BA90-A07666A7E82F}"
EndProject
Project("{8BC9CEB8-8B4A-11D0-8D11-00A0C91BC942}") = "editor-networking", "legion\editor\editor-networking\editor-networking.vcxproj", "{A11640E3-0EFA-4926-A96F-FDCAF83129BA}"
	ProjectSection(ProjectDependencies) = postProject
		{B9735E41-A917-4BFF-85F2-2E3BEEB6E0E9} = {B9735E41-A917-4BFF-85F2-2E3BEEB6E0E9}
	EndProjectSection
EndProject
Project("{8BC9CEB8-8B4A-11D0-8D11-00A0C91BC942}") = "editor-physics", "legion\editor\editor-physics\editor-physics.vcxproj", "{4377FCBF-937E-44CD-A626-7EC8EC2EAA20}"
	ProjectSection(ProjectDependencies) = postProject
		{07B99C45-60D0-4605-9A33-4BFEE86D588A} = {07B99C45-60D0-4605-9A33-4BFEE86D588A}
	EndProjectSection
EndProject
Project("{8BC9CEB8-8B4A-11D0-8D11-00A0C91BC942}") = "editor-rendering", "legion\editor\editor-rendering\editor-rendering.vcxproj", "{91B7D0E7-E85C-40E1-9705-72803F68CD23}"
EndProject
Project("{8BC9CEB8-8B4A-11D0-8D11-00A0C91BC942}") = "editor-scripting", "legion\editor\editor-scripting\editor-scripting.vcxproj", "{88B43DA3-9889-477D-86CE-97CDEF3433B2}"
EndProject
Global
	GlobalSection(SolutionConfigurationPlatforms) = preSolution
		Debug|x64 = Debug|x64
		Release|x64 = Release|x64
	EndGlobalSection
	GlobalSection(ProjectConfigurationPlatforms) = postSolution
		{63D0D607-E99E-40B0-9B27-6E2430B57F7E}.Debug|x64.ActiveCfg = Debug|x64
		{63D0D607-E99E-40B0-9B27-6E2430B57F7E}.Debug|x64.Build.0 = Debug|x64
		{63D0D607-E99E-40B0-9B27-6E2430B57F7E}.Release|x64.ActiveCfg = Release|x64
		{63D0D607-E99E-40B0-9B27-6E2430B57F7E}.Release|x64.Build.0 = Release|x64
		{AB3D3A2D-6510-4345-9D34-0222E46110E6}.Debug|x64.ActiveCfg = Debug|x64
		{AB3D3A2D-6510-4345-9D34-0222E46110E6}.Debug|x64.Build.0 = Debug|x64
		{AB3D3A2D-6510-4345-9D34-0222E46110E6}.Release|x64.ActiveCfg = Release|x64
		{AB3D3A2D-6510-4345-9D34-0222E46110E6}.Release|x64.Build.0 = Release|x64
		{3A68DF04-0E1F-462C-A171-3713F0253C41}.Debug|x64.ActiveCfg = Debug|x64
		{3A68DF04-0E1F-462C-A171-3713F0253C41}.Debug|x64.Build.0 = Debug|x64
		{3A68DF04-0E1F-462C-A171-3713F0253C41}.Release|x64.ActiveCfg = Release|x64
		{3A68DF04-0E1F-462C-A171-3713F0253C41}.Release|x64.Build.0 = Release|x64
		{FC6211BB-9E48-496A-8A77-5FF83CAF046D}.Debug|x64.ActiveCfg = Debug|x64
		{FC6211BB-9E48-496A-8A77-5FF83CAF046D}.Debug|x64.Build.0 = Debug|x64
		{FC6211BB-9E48-496A-8A77-5FF83CAF046D}.Release|x64.ActiveCfg = Release|x64
		{FC6211BB-9E48-496A-8A77-5FF83CAF046D}.Release|x64.Build.0 = Release|x64
		{749C658F-0217-4A86-A205-FD8A35C121B8}.Debug|x64.ActiveCfg = Debug|x64
		{749C658F-0217-4A86-A205-FD8A35C121B8}.Debug|x64.Build.0 = Debug|x64
		{749C658F-0217-4A86-A205-FD8A35C121B8}.Release|x64.ActiveCfg = Release|x64
		{749C658F-0217-4A86-A205-FD8A35C121B8}.Release|x64.Build.0 = Release|x64
		{B9735E41-A917-4BFF-85F2-2E3BEEB6E0E9}.Debug|x64.ActiveCfg = Debug|x64
		{B9735E41-A917-4BFF-85F2-2E3BEEB6E0E9}.Debug|x64.Build.0 = Debug|x64
		{B9735E41-A917-4BFF-85F2-2E3BEEB6E0E9}.Release|x64.ActiveCfg = Release|x64
		{B9735E41-A917-4BFF-85F2-2E3BEEB6E0E9}.Release|x64.Build.0 = Release|x64
		{07B99C45-60D0-4605-9A33-4BFEE86D588A}.Debug|x64.ActiveCfg = Debug|x64
		{07B99C45-60D0-4605-9A33-4BFEE86D588A}.Debug|x64.Build.0 = Debug|x64
		{07B99C45-60D0-4605-9A33-4BFEE86D588A}.Release|x64.ActiveCfg = Release|x64
		{07B99C45-60D0-4605-9A33-4BFEE86D588A}.Release|x64.Build.0 = Release|x64
		{C578D912-3BEB-4EE1-8AA1-E9EACF7CA441}.Debug|x64.ActiveCfg = Debug|x64
		{C578D912-3BEB-4EE1-8AA1-E9EACF7CA441}.Debug|x64.Build.0 = Debug|x64
		{C578D912-3BEB-4EE1-8AA1-E9EACF7CA441}.Release|x64.ActiveCfg = Release|x64
		{C578D912-3BEB-4EE1-8AA1-E9EACF7CA441}.Release|x64.Build.0 = Release|x64
		{A946EE4C-D731-4F82-AEB9-A4BA3B99F941}.Debug|x64.ActiveCfg = Debug|x64
		{A946EE4C-D731-4F82-AEB9-A4BA3B99F941}.Debug|x64.Build.0 = Debug|x64
		{A946EE4C-D731-4F82-AEB9-A4BA3B99F941}.Release|x64.ActiveCfg = Release|x64
		{A946EE4C-D731-4F82-AEB9-A4BA3B99F941}.Release|x64.Build.0 = Release|x64
		{2C205A18-0CEC-4423-AACA-E0D613601D21}.Debug|x64.ActiveCfg = Debug|x64
		{2C205A18-0CEC-4423-AACA-E0D613601D21}.Debug|x64.Build.0 = Debug|x64
		{2C205A18-0CEC-4423-AACA-E0D613601D21}.Release|x64.ActiveCfg = Release|x64
		{2C205A18-0CEC-4423-AACA-E0D613601D21}.Release|x64.Build.0 = Release|x64
		{B53DE60D-A468-4D68-AFA1-3BD7A7A6D2C5}.Debug|x64.ActiveCfg = Debug|x64
		{B53DE60D-A468-4D68-AFA1-3BD7A7A6D2C5}.Debug|x64.Build.0 = Debug|x64
		{B53DE60D-A468-4D68-AFA1-3BD7A7A6D2C5}.Release|x64.ActiveCfg = Release|x64
		{B53DE60D-A468-4D68-AFA1-3BD7A7A6D2C5}.Release|x64.Build.0 = Release|x64
		{A0650313-D41E-456C-92AC-DBF2206D8F57}.Debug|x64.ActiveCfg = Debug|x64
		{A0650313-D41E-456C-92AC-DBF2206D8F57}.Debug|x64.Build.0 = Debug|x64
		{A0650313-D41E-456C-92AC-DBF2206D8F57}.Release|x64.ActiveCfg = Release|x64
		{A0650313-D41E-456C-92AC-DBF2206D8F57}.Release|x64.Build.0 = Release|x64
		{6EE89F6E-097E-4EA5-BA90-A07666A7E82F}.Debug|x64.ActiveCfg = Debug|x64
		{6EE89F6E-097E-4EA5-BA90-A07666A7E82F}.Debug|x64.Build.0 = Debug|x64
		{6EE89F6E-097E-4EA5-BA90-A07666A7E82F}.Release|x64.ActiveCfg = Release|x64
		{6EE89F6E-097E-4EA5-BA90-A07666A7E82F}.Release|x64.Build.0 = Release|x64
		{A11640E3-0EFA-4926-A96F-FDCAF83129BA}.Debug|x64.ActiveCfg = Debug|x64
		{A11640E3-0EFA-4926-A96F-FDCAF83129BA}.Debug|x64.Build.0 = Debug|x64
		{A11640E3-0EFA-4926-A96F-FDCAF83129BA}.Release|x64.ActiveCfg = Release|x64
		{A11640E3-0EFA-4926-A96F-FDCAF83129BA}.Release|x64.Build.0 = Release|x64
		{4377FCBF-937E-44CD-A626-7EC8EC2EAA20}.Debug|x64.ActiveCfg = Debug|x64
		{4377FCBF-937E-44CD-A626-7EC8EC2EAA20}.Debug|x64.Build.0 = Debug|x64
		{4377FCBF-937E-44CD-A626-7EC8EC2EAA20}.Release|x64.ActiveCfg = Release|x64
		{4377FCBF-937E-44CD-A626-7EC8EC2EAA20}.Release|x64.Build.0 = Release|x64
		{91B7D0E7-E85C-40E1-9705-72803F68CD23}.Debug|x64.ActiveCfg = Debug|x64
		{91B7D0E7-E85C-40E1-9705-72803F68CD23}.Debug|x64.Build.0 = Debug|x64
		{91B7D0E7-E85C-40E1-9705-72803F68CD23}.Release|x64.ActiveCfg = Release|x64
		{91B7D0E7-E85C-40E1-9705-72803F68CD23}.Release|x64.Build.0 = Release|x64
		{88B43DA3-9889-477D-86CE-97CDEF3433B2}.Debug|x64.ActiveCfg = Debug|x64
		{88B43DA3-9889-477D-86CE-97CDEF3433B2}.Debug|x64.Build.0 = Debug|x64
		{88B43DA3-9889-477D-86CE-97CDEF3433B2}.Release|x64.ActiveCfg = Release|x64
		{88B43DA3-9889-477D-86CE-97CDEF3433B2}.Release|x64.Build.0 = Release|x64
	EndGlobalSection
	GlobalSection(SolutionProperties) = preSolution
		HideSolutionNode = FALSE
	EndGlobalSection
	GlobalSection(NestedProjects) = preSolution
		{63D0D607-E99E-40B0-9B27-6E2430B57F7E} = {F1668831-DACE-436F-BAD6-BA23AFC863CE}
		{AB3D3A2D-6510-4345-9D34-0222E46110E6} = {F1668831-DACE-436F-BAD6-BA23AFC863CE}
		{3A68DF04-0E1F-462C-A171-3713F0253C41} = {F1668831-DACE-436F-BAD6-BA23AFC863CE}
		{FC6211BB-9E48-496A-8A77-5FF83CAF046D} = {F1668831-DACE-436F-BAD6-BA23AFC863CE}
		{749C658F-0217-4A86-A205-FD8A35C121B8} = {F1668831-DACE-436F-BAD6-BA23AFC863CE}
		{B9735E41-A917-4BFF-85F2-2E3BEEB6E0E9} = {F1668831-DACE-436F-BAD6-BA23AFC863CE}
		{07B99C45-60D0-4605-9A33-4BFEE86D588A} = {F1668831-DACE-436F-BAD6-BA23AFC863CE}
		{C578D912-3BEB-4EE1-8AA1-E9EACF7CA441} = {5ADCB9E3-B58C-47D0-A475-E515B05E6103}
		{A946EE4C-D731-4F82-AEB9-A4BA3B99F941} = {5ADCB9E3-B58C-47D0-A475-E515B05E6103}
		{2C205A18-0CEC-4423-AACA-E0D613601D21} = {5ADCB9E3-B58C-47D0-A475-E515B05E6103}
		{B53DE60D-A468-4D68-AFA1-3BD7A7A6D2C5} = {6735340E-5542-4CC8-84E0-20D740BBBD9B}
		{A0650313-D41E-456C-92AC-DBF2206D8F57} = {6735340E-5542-4CC8-84E0-20D740BBBD9B}
		{6EE89F6E-097E-4EA5-BA90-A07666A7E82F} = {6735340E-5542-4CC8-84E0-20D740BBBD9B}
		{A11640E3-0EFA-4926-A96F-FDCAF83129BA} = {6735340E-5542-4CC8-84E0-20D740BBBD9B}
		{4377FCBF-937E-44CD-A626-7EC8EC2EAA20} = {6735340E-5542-4CC8-84E0-20D740BBBD9B}
		{91B7D0E7-E85C-40E1-9705-72803F68CD23} = {6735340E-5542-4CC8-84E0-20D740BBBD9B}
		{88B43DA3-9889-477D-86CE-97CDEF3433B2} = {6735340E-5542-4CC8-84E0-20D740BBBD9B}
	EndGlobalSection
	GlobalSection(ExtensibilityGlobals) = postSolution
		SolutionGuid = {D1B9D2B9-82AE-4AC1-9B5C-7FC79CB09C3E}
	EndGlobalSection
EndGlobal
