<?xml version="1.0" encoding="utf-8"?>
<Project ToolsVersion="4.0" xmlns="http://schemas.microsoft.com/developer/msbuild/2003">
  <ItemGroup>
    <ClCompile Include="filesystem\detail\strpath_manip.cpp" />
    <ClCompile Include="filesystem\filesystem_resolver.cpp" />
    <ClCompile Include="filesystem\mem_filesystem_resolver.cpp" />
    <ClCompile Include="filesystem\artifact_cache.cpp" />
    <ClCompile Include="filesystem\navigator.cpp" />
    <ClCompile Include="types\type_util.cpp" />
    <ClCompile Include="filesystem\provider_registry.cpp" />
    <ClCompile Include="filesystem\view.cpp" />
    <ClCompile Include="filesystem\filemanip.cpp" />
    <ClCompile Include="filesystem\assetimporter.cpp" />
    <ClCompile Include="data\mesh.cpp" />
    <ClCompile Include="logging\logging.cpp" />
    <ClCompile Include="compute\buffer.cpp" />
    <ClCompile Include="compute\context.cpp" />
    <ClCompile Include="compute\Program.cpp" />
    <ClCompile Include="compute\kernel.cpp" />
    <ClCompile Include="compute\high_level\function.cpp" />
    <ClCompile Include="data\image.cpp" />
    <ClCompile Include="engine\system.cpp" />
    <ClCompile Include="events\defaultevents.cpp" />
    <ClCompile Include="scenemanagement\scenemanager.cpp" />
    <ClCompile Include="async\rw_spinlock.cpp" />
    <ClCompile Include="async\spinlock.cpp" />
    <ClCompile Include="async\async_operation.cpp" />
    <ClCompile Include="async\job_pool.cpp" />
    <ClCompile Include="ecs\registry.cpp" />
    <ClCompile Include="ecs\handles\entity.cpp" />
    <ClCompile Include="common\hash.cpp" />
    <ClCompile Include="ecs\filters\filterregistry.cpp" />
    <ClCompile Include="engine\engine.cpp" />
    <ClCompile Include="scheduling\clock.cpp" />
    <ClCompile Include="scheduling\process.cpp" />
    <ClCompile Include="scheduling\processchain.cpp" />
    <ClCompile Include="scheduling\scheduler.cpp" />
    <ClCompile Include="events\eventbus.cpp" />
    <ClCompile Include="data\loaders\stbimageloader.cpp" />
    <ClCompile Include="data\loaders\objmeshloader.cpp" />
    <ClCompile Include="data\loaders\gltfmeshloader.cpp" />
    <ClCompile Include="time\main_clock.cpp" />
  </ItemGroup>
  <ItemGroup>
    <ClInclude Include="async\async.hpp" />
    <ClInclude Include="async\transferable_atomic.hpp" />
    <ClInclude Include="common\common.hpp" />
    <ClInclude Include="common\inteface_traits.hpp" />
    <ClInclude Include="common\result.hpp" />
    <ClInclude Include="common\string_extra.hpp" />
    <ClInclude Include="common\exception.hpp" />
    <ClInclude Include="containers\atomic_sparse_map.hpp" />
    <ClInclude Include="containers\containers.hpp" />
    <ClInclude Include="containers\data_view.hpp" />
    <ClInclude Include="containers\iterator_tricks.hpp" />
    <ClInclude Include="containers\hashed_sparse_set.hpp" />
    <ClInclude Include="containers\sparse_map.hpp" />
    <ClInclude Include="containers\sparse_set.hpp" />
    <ClInclude Include="containers\vector_view.hpp" />
    <ClInclude Include="core.hpp" />
    <ClInclude Include="engine\engine.hpp" />
    <ClInclude Include="engine\module.hpp" />
    <ClInclude Include="entry\entry_point.hpp" />
    <ClInclude Include="filesystem\artifact_cache.hpp" />
    <ClInclude Include="filesystem\detail\resource_meta.hpp" />
    <ClInclude Include="filesystem\detail\resource_sfinae.hpp" />
    <ClInclude Include="filesystem\detail\strpath_manip.hpp" />
    <ClInclude Include="filesystem\detail\traits.hpp" />
    <ClInclude Include="filesystem\filemanip.hpp" />
    <ClInclude Include="filesystem\filesystem.hpp" />
    <ClInclude Include="filesystem\filesystem_resolver.hpp" />
    <ClInclude Include="filesystem\navigator.hpp" />
    <ClInclude Include="filesystem\mem_filesystem_resolver.hpp" />
    <ClInclude Include="filesystem\resource.hpp" />
    <ClInclude Include="platform\platform.hpp" />
    <ClInclude Include="time\stopwatch.hpp" />
    <ClInclude Include="time\time.hpp" />
    <ClInclude Include="time\time_span.hpp" />
    <ClInclude Include="types\meta.hpp" />
    <ClInclude Include="types\types.hpp" />
    <ClInclude Include="types\primitives.hpp" />
    <ClInclude Include="types\sfinae.hpp" />
    <ClInclude Include="types\type_util.hpp" />
    <ClInclude Include="filesystem\provider_registry.hpp" />
    <ClInclude Include="filesystem\detail\meta.hpp" />
    <ClInclude Include="filesystem\view.hpp" />
    <ClInclude Include="common\assert.hpp" />
    <ClInclude Include="filesystem\basic_resolver.hpp" />
    <ClInclude Include="async\ring_sync_lock.hpp" />
    <ClInclude Include="engine\system.hpp" />
    <ClInclude Include="events\defaultevents.hpp" />
    <ClInclude Include="events\event.hpp" />
    <ClInclude Include="events\eventbus.hpp" />
    <ClInclude Include="events\events.hpp" />
    <ClInclude Include="math\constants.hpp" />
    <ClInclude Include="math\precision.hpp" />
    <ClInclude Include="math\trigonometry.hpp" />
    <ClInclude Include="math\math.hpp" />
    <ClInclude Include="filesystem\assetimporter.hpp" />
    <ClInclude Include="data\mesh.hpp" />
    <ClInclude Include="data\data.hpp" />
    <ClInclude Include="logging\logging.hpp" />
    <ClInclude Include="common\unit_conversion.hpp" />
    <ClInclude Include="compute\buffer.hpp" />
    <ClInclude Include="math\color.hpp" />
    <ClInclude Include="compute\context.hpp" />
    <ClInclude Include="compute\Program.hpp" />
    <ClInclude Include="compute\kernel.hpp" />
    <ClInclude Include="compute\detail\cl_include.hpp" />
    <ClInclude Include="compute\high_level\function.hpp" />
    <ClInclude Include="data\image.hpp" />
    <ClInclude Include="scenemanagement\scene.hpp" />
    <ClInclude Include="scenemanagement\scenemanager.hpp" />
    <ClInclude Include="serialization\serializationmeta.hpp" />
    <ClInclude Include="math\geometry.hpp" />
    <ClInclude Include="math\close_enough.hpp" />
    <ClInclude Include="common\managed_resource.hpp" />
    <ClInclude Include="async\spinlock.hpp" />
    <ClInclude Include="async\rw_spinlock.hpp" />
    <ClInclude Include="async\async_operation.hpp" />
    <ClInclude Include="async\job_pool.hpp" />
    <ClInclude Include="async\wait_priority.hpp" />
    <ClInclude Include="async\async_runnable.hpp" />
    <ClInclude Include="async\thread_util.hpp" />
    <ClInclude Include="platform\shellinvoke.hpp" />
    <ClInclude Include="scenemanagement\components\scene.hpp" />
    <ClInclude Include="ecs\registry.hpp" />
    <ClInclude Include="ecs\handles\entity.hpp" />
    <ClInclude Include="ecs\containers\component_pool.hpp" />
    <ClInclude Include="ecs\prototypes\entity_prototype.hpp" />
    <ClInclude Include="ecs\data\entity_data.hpp" />
    <ClInclude Include="ecs\handles\component.hpp" />
    <ClInclude Include="ecs\prototypes\component_prototype.hpp" />
    <ClInclude Include="types\reflector.hpp" />
    <ClInclude Include="ecs\ecs.hpp" />
    <ClInclude Include="ecs\filters\filterregistry.hpp" />
    <ClInclude Include="common\hash.hpp" />
    <ClInclude Include="common\string_literal.hpp" />
    <ClInclude Include="ecs\handles\filter.hpp" />
    <ClInclude Include="ecs\filters\filter_info.hpp" />
    <ClInclude Include="serialization\serializationutil.hpp" />
    <ClInclude Include="scheduling\scheduling.hpp" />
    <ClInclude Include="scheduling\clock.hpp" />
    <ClInclude Include="containers\delegate.hpp" />
    <ClInclude Include="scheduling\scheduler.hpp" />
    <ClInclude Include="containers\pointer.hpp" />
    <ClInclude Include="scheduling\processchain.hpp" />
    <ClInclude Include="scheduling\process.hpp" />
    <ClInclude Include="defaults\coremodule.hpp" />
    <ClInclude Include="ecs\containers\component_container.hpp" />
    <ClInclude Include="defaults\defaultcomponents.hpp" />
    <ClInclude Include="ecs\archetype\archetype.hpp" />
    <ClInclude Include="ecs\meta\meta.hpp" />
    <ClInclude Include="time\utils.hpp" />
    <ClInclude Include="assets\assetcache.hpp" />
    <ClInclude Include="assets\asset.hpp" />
    <ClInclude Include="assets\import_settings.hpp" />
    <ClInclude Include="assets\assetloader.hpp" />
    <ClInclude Include="assets\assets.hpp" />
    <ClInclude Include="assets\functionalbinds.hpp" />
    <ClInclude Include="data\loaders\stbimageloader.hpp" />
    <ClInclude Include="containers\shared_data_view.hpp" />
    <ClInclude Include="data\loaders\objmeshloader.hpp" />
    <ClInclude Include="data\loaders\gltfmeshloader.hpp" />
    <ClInclude Include="engine\enginesubsystem.hpp" />
    <ClInclude Include="time\main_clock.hpp" />
    <ClInclude Include="types\prototype.hpp" />
    <ClInclude Include="ecs\data\component_type.hpp" />
    <ClInclude Include="async\lock_guard.hpp" />
    <ClInclude Include="math\vector\vector_base.hpp" />
    <ClInclude Include="math\vector\vector1.hpp" />
    <ClInclude Include="math\vector\vector2.hpp" />
    <ClInclude Include="math\vector\vector3.hpp" />
    <ClInclude Include="math\vector\vector4.hpp" />
    <ClInclude Include="math\exponential\exponential.hpp" />
    <ClInclude Include="math\exponential\pow.hpp" />
    <ClInclude Include="math\exponential\sqrt.hpp" />
    <ClInclude Include="math\geometric\geometric.hpp" />
    <ClInclude Include="math\geometric\dot.hpp" />
    <ClInclude Include="math\geometric\cross.hpp" />
    <ClInclude Include="math\geometric\distance.hpp" />
    <ClInclude Include="math\geometric\length.hpp" />
    <ClInclude Include="math\geometric\normalize.hpp" />
    <ClInclude Include="math\arithmetic\arithmetic.hpp" />
    <ClInclude Include="math\arithmetic\addition.hpp" />
    <ClInclude Include="math\arithmetic\subtraction.hpp" />
    <ClInclude Include="math\arithmetic\division.hpp" />
    <ClInclude Include="math\arithmetic\multiplication.hpp" />
    <ClInclude Include="math\arithmetic\negate.hpp" />
    <ClInclude Include="math\basic\basic_funcs.hpp" />
    <ClInclude Include="math\meta.hpp" />
    <ClInclude Include="math\vector\vector.hpp" />
    <ClInclude Include="math\basic\abs.hpp" />
    <ClInclude Include="math\util\hash.hpp" />
    <ClInclude Include="types\hash.hpp" />
    <ClInclude Include="math\vector\swizzle\swizzle_base.hpp" />
    <ClInclude Include="math\vector\swizzle\swizzle4.hpp" />
    <ClInclude Include="math\vector\swizzle\swizzle3.hpp" />
    <ClInclude Include="math\vector\swizzle\swizzle2.hpp" />
  </ItemGroup>
  <ItemGroup>
    <None Include="platform\cpp.hint" />
    <None Include="..\..\.editorconfig" />
    <None Include="..\..\.clang-tidy" />
    <None Include="ecs\registry.inl" />
    <None Include="ecs\containers\component_pool.inl" />
    <None Include="ecs\handles\component.inl" />
    <None Include="ecs\prototypes\entity_prototype.inl" />
    <None Include="common\hash.inl" />
    <None Include="ecs\filters\filterregistry.inl" />
    <None Include="engine\engine.inl" />
    <None Include="ecs\handles\entity.inl" />
    <None Include="ecs\handles\filter.inl" />
    <None Include="ecs\filters\filter_info.inl" />
    <None Include="scheduling\process.inl" />
    <None Include="scheduling\scheduler.inl" />
    <None Include="scheduling\processchain.inl" />
    <None Include="engine\system.inl" />
    <None Include="events\eventbus.inl" />
    <None Include="ecs\archetype\archetype.inl" />
    <None Include="time\utils.inl" />
    <None Include="assets\functionalbinds.inl" />
    <None Include="assets\assets.inl" />
    <None Include="containers\data_view.inl" />
    <None Include="containers\shared_data_view.inl" />
    <None Include="data\image.inl" />
    <None Include="engine\enginesubsystem.inl" />
    <None Include="engine\module.inl" />
  </ItemGroup>
</Project>
