<?xml version="1.0" encoding="utf-8"?>
<Project ToolsVersion="4.0" xmlns="http://schemas.microsoft.com/developer/msbuild/2003">
  <ItemGroup>
    <Filter Include="Source Files">
      <UniqueIdentifier>{4FC737F1-C7A5-4376-A066-2A32D752A2FF}</UniqueIdentifier>
      <Extensions>cpp;c;cc;cxx;c++;def;odl;idl;hpj;bat;asm;asmx</Extensions>
    </Filter>
    <Filter Include="Header Files">
      <UniqueIdentifier>{93995380-89BD-4b04-88EB-625FBE52EBFB}</UniqueIdentifier>
      <Extensions>h;hh;hpp;hxx;h++;hm;inl;inc;ipp;xsd</Extensions>
    </Filter>
    <Filter Include="Resource Files">
      <UniqueIdentifier>{67DA6AB6-F800-4c08-8B7A-83BB121AAD01}</UniqueIdentifier>
      <Extensions>rc;ico;cur;bmp;dlg;rc2;rct;bin;rgs;gif;jpg;jpeg;jpe;resx;tiff;tif;png;wav;mfcribbon-ms</Extensions>
    </Filter>
  </ItemGroup>
  <ItemGroup>
    <ClCompile Include="data\importers\texture_importers.cpp">
      <Filter>Source Files</Filter>
    </ClCompile>
    <ClCompile Include="data\texture.cpp">
      <Filter>Source Files</Filter>
    </ClCompile>
    <ClCompile Include="data\model.cpp">
      <Filter>Source Files</Filter>
    </ClCompile>
    <ClCompile Include="data\material.cpp">
      <Filter>Source Files</Filter>
    </ClCompile>
    <ClCompile Include="systems\renderer.cpp">
      <Filter>Source Files</Filter>
    </ClCompile>
    <ClCompile Include="shadercompiler\shadercompiler.cpp">
      <Filter>Source Files</Filter>
    </ClCompile>
    <ClCompile Include="data\shader.cpp">
      <Filter>Source Files</Filter>
    </ClCompile>
    <ClCompile Include="components\light.cpp">
      <Filter>Source Files</Filter>
    </ClCompile>
    <ClCompile Include="util\ini.c">
      <Filter>Source Files</Filter>
    </ClCompile>
  </ItemGroup>
  <ItemGroup>
    <ClInclude Include="module\renderingmodule.hpp">
      <Filter>Header Files</Filter>
    </ClInclude>
    <ClInclude Include="rendering.hpp">
      <Filter>Header Files</Filter>
    </ClInclude>
    <ClInclude Include="data\texture.hpp">
      <Filter>Header Files</Filter>
    </ClInclude>
    <ClInclude Include="detail\tiny_obj_loader.h">
      <Filter>Header Files</Filter>
    </ClInclude>
    <ClInclude Include="detail\stb_image.h">
      <Filter>Header Files</Filter>
    </ClInclude>
    <ClInclude Include="data\importers\texture_importers.hpp">
      <Filter>Header Files</Filter>
    </ClInclude>
    <ClInclude Include="components\renderable.hpp">
      <Filter>Header Files</Filter>
    </ClInclude>
    <ClInclude Include="systems\renderer.hpp">
      <Filter>Header Files</Filter>
    </ClInclude>
    <ClInclude Include="components\camera.hpp">
      <Filter>Header Files</Filter>
    </ClInclude>
    <ClInclude Include="data\shader.hpp">
      <Filter>Header Files</Filter>
    </ClInclude>
    <ClInclude Include="data\model.hpp">
      <Filter>Header Files</Filter>
    </ClInclude>
    <ClInclude Include="data\material.hpp">
      <Filter>Header Files</Filter>
    </ClInclude>
    <ClInclude Include="debugrendering.hpp">
      <Filter>Header Files</Filter>
    </ClInclude>
    <ClInclude Include="pipeline\base\renderstage.hpp">
      <Filter>Header Files</Filter>
    </ClInclude>
    <ClInclude Include="pipeline\base\pipeline.hpp">
      <Filter>Header Files</Filter>
    </ClInclude>
    <ClInclude Include="shadercompiler\shadercompiler.hpp">
      <Filter>Header Files</Filter>
    </ClInclude>
    <ClInclude Include="util\settings.hpp">
      <Filter>Header Files</Filter>
    </ClInclude>
    <ClInclude Include="util\bindings.hpp">
      <Filter>Header Files</Filter>
    </ClInclude>
    <ClInclude Include="components\light.hpp">
      <Filter>Header Files</Filter>
    </ClInclude>
    <ClInclude Include="util\matini.hpp">
      <Filter>Header Files</Filter>
    </ClInclude>
  </ItemGroup>
</Project>