<?xml version="1.0" encoding="utf-8"?>
<Project ToolsVersion="4.0" xmlns="http://schemas.microsoft.com/developer/msbuild/2003">
  <ItemGroup>
    <Filter Include="Source Files">
      <UniqueIdentifier>{4FC737F1-C7A5-4376-A066-2A32D752A2FF}</UniqueIdentifier>
      <Extensions>cpp;c;cc;cxx;c++;def;odl;idl;hpj;bat;asm;asmx</Extensions>
    </Filter>
    <Filter Include="Header Files">
      <UniqueIdentifier>{93995380-89BD-4b04-88EB-625FBE52EBFB}</UniqueIdentifier>
      <Extensions>h;hh;hpp;hxx;h++;hm;inl;inc;ipp;xsd</Extensions>
    </Filter>
    <Filter Include="Resource Files">
      <UniqueIdentifier>{67DA6AB6-F800-4c08-8B7A-83BB121AAD01}</UniqueIdentifier>
      <Extensions>rc;ico;cur;bmp;dlg;rc2;rct;bin;rgs;gif;jpg;jpeg;jpe;resx;tiff;tif;png;wav;mfcribbon-ms</Extensions>
    </Filter>
    <Filter Include="systems">
      <UniqueIdentifier>{b9a86026-4c42-43a9-8831-ea490664119e}</UniqueIdentifier>
    </Filter>
    <Filter Include="module">
      <UniqueIdentifier>{d533903f-f96c-4e47-8ba0-f06b8daaa6eb}</UniqueIdentifier>
    </Filter>
    <Filter Include="components">
      <UniqueIdentifier>{fa9e01be-7eb5-421d-9bec-ac21fb408615}</UniqueIdentifier>
    </Filter>
  </ItemGroup>
  <ItemGroup>
    <ClCompile Include="components\physics_component.cpp">
      <Filter>Source Files</Filter>
    </ClCompile>
    <ClCompile Include="colliders\convexcollider.cpp">
      <Filter>Source Files</Filter>
    </ClCompile>
    <ClCompile Include="halfedgeface.cpp">
      <Filter>Source Files</Filter>
    </ClCompile>
    <ClCompile Include="data\convexconvexpenetrationquery.cpp">
      <Filter>Source Files</Filter>
    </ClCompile>
    <ClCompile Include="data\edgepenetrationquery.cpp">
      <Filter>Source Files</Filter>
    </ClCompile>
    <ClCompile Include="mesh_splitter_utils\primitive_mesh.cpp">
      <Filter>Source Files</Filter>
    </ClCompile>
    <ClCompile Include="mesh_splitter_utils\splittable_polygon.cpp">
      <Filter>Source Files</Filter>
    </ClCompile>
    <ClCompile Include="systems\physics_fracture_test_system.cpp">
      <Filter>Source Files</Filter>
    </ClCompile>
    <ClCompile Include="components\fracturer.cpp">
      <Filter>Source Files</Filter>
    </ClCompile>
    <ClCompile Include="physics_statics.cpp">
      <Filter>Source Files</Filter>
    </ClCompile>
    <ClCompile Include="mesh_splitter_utils\mesh_splitter.cpp">
      <Filter>Source Files</Filter>
    </ClCompile>
    <ClCompile Include="broadphasecollisionalgorithms\broadphaseuniformgrid.cpp">
      <Filter>Source Files</Filter>
    </ClCompile>
    <ClCompile Include="systems\physicssystem.cpp">
      <Filter>Source Files</Filter>
    </ClCompile>
    <ClCompile Include="halfedgeedge.cpp">
      <Filter>Source Files</Filter>
    </ClCompile>
    <ClCompile Include="data\collider_face_to_vert.cpp">
      <Filter>Source Files</Filter>
    </ClCompile>
  </ItemGroup>
  <ItemGroup>
    <ClInclude Include="cube_collider_params.hpp">
      <Filter>components</Filter>
    </ClInclude>
    <ClInclude Include="physicsmodule.hpp">
      <Filter>module</Filter>
    </ClInclude>
    <ClInclude Include="components\physics_component.hpp">
      <Filter>Header Files</Filter>
    </ClInclude>
    <ClInclude Include="colliders\physicscollider.hpp">
      <Filter>Header Files</Filter>
    </ClInclude>
    <ClInclude Include="colliders\convexcollider.hpp">
      <Filter>Header Files</Filter>
    </ClInclude>
    <ClInclude Include="data\physics_manifold.hpp">
      <Filter>components</Filter>
    </ClInclude>
    <ClInclude Include="components\rigidbody.hpp">
      <Filter>components</Filter>
    </ClInclude>
    <ClInclude Include="halfedgeface.hpp">
      <Filter>Header Files</Filter>
    </ClInclude>
    <ClInclude Include="data\edgepenetrationquery.h">
      <Filter>Header Files</Filter>
    </ClInclude>
    <ClInclude Include="physics_statics.hpp">
      <Filter>Header Files</Filter>
    </ClInclude>
    <ClInclude Include="data\pointer_encapsulator.hpp">
      <Filter>Header Files</Filter>
    </ClInclude>
    <ClInclude Include="physics.hpp">
      <Filter>Header Files</Filter>
    </ClInclude>
    <ClInclude Include="systems\physicssystem.hpp">
      <Filter>Header Files</Filter>
    </ClInclude>
    <ClInclude Include="data\edge_label.hpp">
      <Filter>Header Files</Filter>
    </ClInclude>
    <ClInclude Include="data\contact_vertex.hpp">
      <Filter>Header Files</Filter>
    </ClInclude>
    <ClInclude Include="data\convergance_identifier.hpp">
      <Filter>Header Files</Filter>
    </ClInclude>
    <ClInclude Include="data\convex_convergance_identifier.hpp">
      <Filter>Header Files</Filter>
    </ClInclude>
    <ClInclude Include="data\convexconvexpenetrationquery.hpp">
      <Filter>Header Files</Filter>
    </ClInclude>
    <ClInclude Include="data\identifier.hpp">
      <Filter>Header Files</Filter>
    </ClInclude>
    <ClInclude Include="physics_contact.hpp">
      <Filter>Header Files</Filter>
    </ClInclude>
    <ClInclude Include="physicsconstants.hpp">
      <Filter>Header Files</Filter>
    </ClInclude>
    <ClInclude Include="data\edgepenetrationquery.hpp">
      <Filter>Header Files</Filter>
    </ClInclude>
    <ClInclude Include="events\events.hpp">
      <Filter>Header Files</Filter>
    </ClInclude>
    <ClInclude Include="mesh_splitter_utils\mesh_splitter.hpp">
      <Filter>Header Files</Filter>
    </ClInclude>
    <ClInclude Include="mesh_splitter_utils\mesh_split_params.hpp">
      <Filter>Header Files</Filter>
    </ClInclude>
    <ClInclude Include="data\VoronoiAABB.hpp">
      <Filter>Header Files</Filter>
    </ClInclude>
    <ClInclude Include="halfedgeedge.hpp">
      <Filter>Header Files</Filter>
    </ClInclude>
    <ClInclude Include="mesh_splitter_utils\mesh_splitter_typedefs.hpp">
      <Filter>Header Files</Filter>
    </ClInclude>
    <ClInclude Include="mesh_splitter_utils\mesh_half_edge.hpp">
      <Filter>Header Files</Filter>
    </ClInclude>
    <ClInclude Include="mesh_splitter_utils\intersecting_polygon_organizer.hpp">
      <Filter>Header Files</Filter>
    </ClInclude>
    <ClInclude Include="components\fracturer.hpp">
      <Filter>Header Files</Filter>
    </ClInclude>
    <ClInclude Include="systems\physics_fracture_test_system.hpp">
      <Filter>Header Files</Filter>
    </ClInclude>
    <ClInclude Include="data\convex_convex_collision_info.hpp">
      <Filter>Header Files</Filter>
    </ClInclude>
    <ClInclude Include="data\penetrationquery.hpp">
      <Filter>Header Files</Filter>
    </ClInclude>
    <ClInclude Include="data\physics_manifold_precursor.hpp">
      <Filter>Header Files</Filter>
    </ClInclude>
    <ClInclude Include="mesh_splitter_utils\splittable_polygon.hpp">
      <Filter>Header Files</Filter>
    </ClInclude>
    <ClInclude Include="mesh_splitter_utils\primitive_mesh.hpp">
      <Filter>Header Files</Filter>
    </ClInclude>
    <ClInclude Include="mesh_splitter_utils\mesh_splitter_debug_helpers.hpp">
      <Filter>Header Files</Filter>
    </ClInclude>
    <ClInclude Include="mesh_splitter_utils\intersection_edge_info.hpp">
      <Filter>Header Files</Filter>
    </ClInclude>
    <ClInclude Include="mesh_splitter_utils\half_edge_finder.hpp">
      <Filter>Header Files</Filter>
    </ClInclude>
    <ClInclude Include="broadphasecollisionalgorithms\broadphasebruteforce.hpp">
      <Filter>Header Files</Filter>
    </ClInclude>
    <ClInclude Include="broadphasecollisionalgorithms\broadphasecollisionalgorithm.hpp">
      <Filter>Header Files</Filter>
    </ClInclude>
    <ClInclude Include="broadphasecollisionalgorithms\broadphaseuniformgrid.hpp">
      <Filter>Header Files</Filter>
    </ClInclude>
    <ClInclude Include="data\fractureparams.hpp">
      <Filter>Header Files</Filter>
    </ClInclude>
    <ClInclude Include="components\fracturecountdown.hpp">
      <Filter>Header Files</Filter>
    </ClInclude>
    <ClInclude Include="data\collider_face_to_vert.hpp">
      <Filter>Header Files</Filter>
    </ClInclude>
  </ItemGroup>
</Project>
